
Microsoft Visual Studio Solution File, Format Version 12.00
# Visual Studio Version 17
VisualStudioVersion = 17.8.34408.163
MinimumVisualStudioVersion = 10.0.40219.1
Project("{FAE04EC0-301F-11D3-BF4B-00C04F79EFBC}") = "ProjetoAula03", "ProjetoAula03\ProjetoAula03.csproj", "{1E3D6015-0BEA-437A-8A75-41D9A8221008}"
EndProject
Global
	GlobalSection(SolutionConfigurationPlatforms) = preSolution
		Debug|Any CPU = Debug|Any CPU
		Release|Any CPU = Release|Any CPU
	EndGlobalSection
	GlobalSection(ProjectConfigurationPlatforms) = postSolution
		{1E3D6015-0BEA-437A-8A75-41D9A8221008}.Debug|Any CPU.ActiveCfg = Debug|Any CPU
		{1E3D6015-0BEA-437A-8A75-41D9A8221008}.Debug|Any CPU.Build.0 = Debug|Any CPU
		{1E3D6015-0BEA-437A-8A75-41D9A8221008}.Release|Any CPU.ActiveCfg = Release|Any CPU
		{1E3D6015-0BEA-437A-8A75-41D9A8221008}.Release|Any CPU.Build.0 = Release|Any CPU
	EndGlobalSection
	GlobalSection(SolutionProperties) = preSolution
		HideSolutionNode = FALSE
	EndGlobalSection
	GlobalSection(ExtensibilityGlobals) = postSolution
		SolutionGuid = {C53FD662-6EC5-481E-A613-BF87D000490E}
	EndGlobalSection
EndGlobal
